
Microsoft Visual Studio Solution File, Format Version 12.00
# Visual Studio 15
VisualStudioVersion = 15.0.27703.2042
MinimumVisualStudioVersion = 10.0.40219.1
Project("{2150E333-8FDC-42A3-9474-1A3956D46DE8}") = "01_EntityModel", "01_EntityModel", "{3BDF0750-80D2-4692-9648-58363996DB7D}"
EndProject
Project("{2150E333-8FDC-42A3-9474-1A3956D46DE8}") = "02_ServiceModel", "02_ServiceModel", "{94815605-41E6-488E-810D-B11424AE626D}"
EndProject
Project("{2150E333-8FDC-42A3-9474-1A3956D46DE8}") = "03_IntegrationModel", "03_IntegrationModel", "{DD1A8E7C-0540-4026-B7D3-280934DFDC8E}"
EndProject
Project("{FAE04EC0-301F-11D3-BF4B-00C04F79EFBC}") = "EntityModel", "Projects\EntityModel\EntityModel\EntityModel.csproj", "{6516B7EB-1179-420B-9C3D-EB0861BE2254}"
EndProject
Project("{FAE04EC0-301F-11D3-BF4B-00C04F79EFBC}") = "EntityModel.Test", "Projects\EntityModel\EntityModel.Test\EntityModel.Test.csproj", "{D28E988F-327A-4DC1-A715-CD451F1B076A}"
EndProject
Project("{9A19103F-16F7-4668-BE54-9A1E7A4F7556}") = "ServiceModel", "Projects\ServiceModel\ServiceModel\ServiceModel.csproj", "{B2BD1C08-067E-4A67-B1B7-B21E8FE70487}"
EndProject
Project("{FAE04EC0-301F-11D3-BF4B-00C04F79EFBC}") = "ServiceModel.Test", "Projects\ServiceModel\ServiceModel.Test\ServiceModel.Test.csproj", "{CFBBE647-B05C-4F10-8641-4BC9F1CFED20}"
EndProject
Project("{2150E333-8FDC-42A3-9474-1A3956D46DE8}") = "__DataExtracts", "__DataExtracts", "{EFB5632A-00C3-4722-B71B-8F58C9F893BF}"
	ProjectSection(SolutionItems) = preProject
		__DataExtracts\ExtractData_BAM_API_00_ENUM_HARDWAREASSET.json = __DataExtracts\ExtractData_BAM_API_00_ENUM_HARDWAREASSET.json
		__DataExtracts\ExtractData_SCAudit_00_NEWITEM_ALL.json = __DataExtracts\ExtractData_SCAudit_00_NEWITEM_ALL.json
		__DataExtracts\ExtractData_SCAudit_01_BNL_AND_ADDEDPO.json = __DataExtracts\ExtractData_SCAudit_01_BNL_AND_ADDEDPO.json
		__DataExtracts\ExtractData_SCAudit_02_STAGE_E_ANDOR_LTX.json = __DataExtracts\ExtractData_SCAudit_02_STAGE_E_ANDOR_LTX.json
		__DataExtracts\ExtractData_SCAudit_03_STAGE_E_ANDOR_LTX_2.json = __DataExtracts\ExtractData_SCAudit_03_STAGE_E_ANDOR_LTX_2.json
		__DataExtracts\ExtractData_SCAudit_04_BNL_ADDEDPO_STAGE_E_ANDOR_LTX.json = __DataExtracts\ExtractData_SCAudit_04_BNL_ADDEDPO_STAGE_E_ANDOR_LTX.json
		__DataExtracts\ExtractData_SCAudit_05_STAGE_E_ANDOR_LTX.json = __DataExtracts\ExtractData_SCAudit_05_STAGE_E_ANDOR_LTX.json
		__DataExtracts\ExtractData_SCAudit_06_STAGE_E_ANDOR_LTX.json = __DataExtracts\ExtractData_SCAudit_06_STAGE_E_ANDOR_LTX.json
		__DataExtracts\ExtractData_SCAudit_07_PROD_DESCRIPTION_ONLY.json = __DataExtracts\ExtractData_SCAudit_07_PROD_DESCRIPTION_ONLY.json
		__DataExtracts\ExtractData_SCAudit_08_PROD_DESCRIPTION_ONLY_ALL.json = __DataExtracts\ExtractData_SCAudit_08_PROD_DESCRIPTION_ONLY_ALL.json
		__DataExtracts\ExtractData_SCPart_00_NEWITEM_ALL.json = __DataExtracts\ExtractData_SCPart_00_NEWITEM_ALL.json
		__DataExtracts\ExtractData_SCPart_00_NEWITEM_ALL_MANU.json = __DataExtracts\ExtractData_SCPart_00_NEWITEM_ALL_MANU.json
		__DataExtracts\ExtractData_SCPart_00_NEWITEM_ALL_NO_MANU.json = __DataExtracts\ExtractData_SCPart_00_NEWITEM_ALL_NO_MANU.json
		__DataExtracts\ExtractData_SCPart_00_Ordered_DescCode.json = __DataExtracts\ExtractData_SCPart_00_Ordered_DescCode.json
		__DataExtracts\ExtractData_SCPart_00_Ordered_DescCode_Manufacturer.json = __DataExtracts\ExtractData_SCPart_00_Ordered_DescCode_Manufacturer.json
		__DataExtracts\ExtractData_SCPart_00_Ordered_DescCode_No_Manufacturer.json = __DataExtracts\ExtractData_SCPart_00_Ordered_DescCode_No_Manufacturer.json
		__DataExtracts\ExtractData_SCPart_00_Ordered_DescCode_Original.json = __DataExtracts\ExtractData_SCPart_00_Ordered_DescCode_Original.json
	EndProjectSection
EndProject
Project("{2150E333-8FDC-42A3-9474-1A3956D46DE8}") = "04_Infrastructure", "04_Infrastructure", "{0DC787FA-F26C-4F52-900B-E173BAAA8F9C}"
EndProject
Project("{FAE04EC0-301F-11D3-BF4B-00C04F79EFBC}") = "Infrastructure", "Projects\Infrastructure\Infrastructure\Infrastructure.csproj", "{66E4081A-8098-4755-8DC5-B1D1218E76DB}"
EndProject
Global
	GlobalSection(SolutionConfigurationPlatforms) = preSolution
		Debug|Any CPU = Debug|Any CPU
		Release|Any CPU = Release|Any CPU
	EndGlobalSection
	GlobalSection(ProjectConfigurationPlatforms) = postSolution
		{6516B7EB-1179-420B-9C3D-EB0861BE2254}.Debug|Any CPU.ActiveCfg = Debug|Any CPU
		{6516B7EB-1179-420B-9C3D-EB0861BE2254}.Debug|Any CPU.Build.0 = Debug|Any CPU
		{6516B7EB-1179-420B-9C3D-EB0861BE2254}.Release|Any CPU.ActiveCfg = Release|Any CPU
		{6516B7EB-1179-420B-9C3D-EB0861BE2254}.Release|Any CPU.Build.0 = Release|Any CPU
		{D28E988F-327A-4DC1-A715-CD451F1B076A}.Debug|Any CPU.ActiveCfg = Debug|Any CPU
		{D28E988F-327A-4DC1-A715-CD451F1B076A}.Debug|Any CPU.Build.0 = Debug|Any CPU
		{D28E988F-327A-4DC1-A715-CD451F1B076A}.Release|Any CPU.ActiveCfg = Release|Any CPU
		{D28E988F-327A-4DC1-A715-CD451F1B076A}.Release|Any CPU.Build.0 = Release|Any CPU
		{B2BD1C08-067E-4A67-B1B7-B21E8FE70487}.Debug|Any CPU.ActiveCfg = Debug|Any CPU
		{B2BD1C08-067E-4A67-B1B7-B21E8FE70487}.Debug|Any CPU.Build.0 = Debug|Any CPU
		{B2BD1C08-067E-4A67-B1B7-B21E8FE70487}.Release|Any CPU.ActiveCfg = Release|Any CPU
		{B2BD1C08-067E-4A67-B1B7-B21E8FE70487}.Release|Any CPU.Build.0 = Release|Any CPU
		{CFBBE647-B05C-4F10-8641-4BC9F1CFED20}.Debug|Any CPU.ActiveCfg = Debug|Any CPU
		{CFBBE647-B05C-4F10-8641-4BC9F1CFED20}.Debug|Any CPU.Build.0 = Debug|Any CPU
		{CFBBE647-B05C-4F10-8641-4BC9F1CFED20}.Release|Any CPU.ActiveCfg = Release|Any CPU
		{CFBBE647-B05C-4F10-8641-4BC9F1CFED20}.Release|Any CPU.Build.0 = Release|Any CPU
		{66E4081A-8098-4755-8DC5-B1D1218E76DB}.Debug|Any CPU.ActiveCfg = Debug|Any CPU
		{66E4081A-8098-4755-8DC5-B1D1218E76DB}.Debug|Any CPU.Build.0 = Debug|Any CPU
		{66E4081A-8098-4755-8DC5-B1D1218E76DB}.Release|Any CPU.ActiveCfg = Release|Any CPU
		{66E4081A-8098-4755-8DC5-B1D1218E76DB}.Release|Any CPU.Build.0 = Release|Any CPU
	EndGlobalSection
	GlobalSection(SolutionProperties) = preSolution
		HideSolutionNode = FALSE
	EndGlobalSection
	GlobalSection(NestedProjects) = preSolution
		{6516B7EB-1179-420B-9C3D-EB0861BE2254} = {3BDF0750-80D2-4692-9648-58363996DB7D}
		{D28E988F-327A-4DC1-A715-CD451F1B076A} = {3BDF0750-80D2-4692-9648-58363996DB7D}
		{B2BD1C08-067E-4A67-B1B7-B21E8FE70487} = {94815605-41E6-488E-810D-B11424AE626D}
		{CFBBE647-B05C-4F10-8641-4BC9F1CFED20} = {94815605-41E6-488E-810D-B11424AE626D}
		{66E4081A-8098-4755-8DC5-B1D1218E76DB} = {0DC787FA-F26C-4F52-900B-E173BAAA8F9C}
	EndGlobalSection
	GlobalSection(ExtensibilityGlobals) = postSolution
		SolutionGuid = {68A40684-A6FC-4830-AEF7-5B27E144DD80}
	EndGlobalSection
EndGlobal
